
Microsoft Visual Studio Solution File, Format Version 12.00
# Visual Studio Version 16
VisualStudioVersion = 16.0.31112.23
MinimumVisualStudioVersion = 10.0.40219.1
Project("{FAE04EC0-301F-11D3-BF4B-00C04F79EFBC}") = "WindowsFormsEdit", "WindowsFormsEdit\WindowsFormsEdit.csproj", "{7097BB57-D08D-40D5-B73D-540CBCF5BB73}"
EndProject
Global
	GlobalSection(SolutionConfigurationPlatforms) = preSolution
		Debug|Any CPU = Debug|Any CPU
		Release|Any CPU = Release|Any CPU
	EndGlobalSection
	GlobalSection(ProjectConfigurationPlatforms) = postSolution
		{7097BB57-D08D-40D5-B73D-540CBCF5BB73}.Debug|Any CPU.ActiveCfg = Debug|Any CPU
		{7097BB57-D08D-40D5-B73D-540CBCF5BB73}.Debug|Any CPU.Build.0 = Debug|Any CPU
		{7097BB57-D08D-40D5-B73D-540CBCF5BB73}.Release|Any CPU.ActiveCfg = Release|Any CPU
		{7097BB57-D08D-40D5-B73D-540CBCF5BB73}.Release|Any CPU.Build.0 = Release|Any CPU
	EndGlobalSection
	GlobalSection(SolutionProperties) = preSolution
		HideSolutionNode = FALSE
	EndGlobalSection
	GlobalSection(ExtensibilityGlobals) = postSolution
		SolutionGuid = {7F8E18B3-B9C2-4796-9213-FB444BB0F4E7}
	EndGlobalSection
EndGlobal
